
Microsoft Visual Studio Solution File, Format Version 12.00
# Visual Studio Version 16
VisualStudioVersion = 16.0.30804.86
MinimumVisualStudioVersion = 10.0.40219.1
Project("{F184B08F-C81C-45F6-A57F-5ABD9991F28F}") = "GMC1p5KW_ADIO", "GMC1p5KW_ADIO.vbproj", "{3BD240C7-CBB2-49C2-8349-01358B3FE935}"
EndProject
Project("{2150E333-8FDC-42A3-9474-1A3956D46DE8}") = "Solution Items", "Solution Items", "{C000BCF7-B815-44C6-8A9A-4A82BB7B68A9}"
	ProjectSection(SolutionItems) = preProject
		.editorconfig = .editorconfig
	EndProjectSection
EndProject
Global
	GlobalSection(SolutionConfigurationPlatforms) = preSolution
		Debug|Any CPU = Debug|Any CPU
		Release|Any CPU = Release|Any CPU
	EndGlobalSection
	GlobalSection(ProjectConfigurationPlatforms) = postSolution
		{3BD240C7-CBB2-49C2-8349-01358B3FE935}.Debug|Any CPU.ActiveCfg = Debug|Any CPU
		{3BD240C7-CBB2-49C2-8349-01358B3FE935}.Debug|Any CPU.Build.0 = Debug|Any CPU
		{3BD240C7-CBB2-49C2-8349-01358B3FE935}.Release|Any CPU.ActiveCfg = Release|Any CPU
		{3BD240C7-CBB2-49C2-8349-01358B3FE935}.Release|Any CPU.Build.0 = Release|Any CPU
	EndGlobalSection
	GlobalSection(SolutionProperties) = preSolution
		HideSolutionNode = FALSE
	EndGlobalSection
	GlobalSection(ExtensibilityGlobals) = postSolution
		SolutionGuid = {1B5D9332-439B-4602-9A50-56752EEA24FE}
	EndGlobalSection
EndGlobal
